
Microsoft Visual Studio Solution File, Format Version 12.00
# Visual Studio Version 16
VisualStudioVersion = 16.0.29009.5
MinimumVisualStudioVersion = 10.0.40219.1
Project("{FAE04EC0-301F-11D3-BF4B-00C04F79EFBC}") = "Book_Flight", "Book_Flight\Book_Flight.csproj", "{C68892D4-F036-47B8-B765-44162659C529}"
EndProject
Global
	GlobalSection(SolutionConfigurationPlatforms) = preSolution
		Debug|Any CPU = Debug|Any CPU
		Release|Any CPU = Release|Any CPU
	EndGlobalSection
	GlobalSection(ProjectConfigurationPlatforms) = postSolution
		{C68892D4-F036-47B8-B765-44162659C529}.Debug|Any CPU.ActiveCfg = Debug|Any CPU
		{C68892D4-F036-47B8-B765-44162659C529}.Debug|Any CPU.Build.0 = Debug|Any CPU
		{C68892D4-F036-47B8-B765-44162659C529}.Release|Any CPU.ActiveCfg = Release|Any CPU
		{C68892D4-F036-47B8-B765-44162659C529}.Release|Any CPU.Build.0 = Release|Any CPU
	EndGlobalSection
	GlobalSection(SolutionProperties) = preSolution
		HideSolutionNode = FALSE
	EndGlobalSection
	GlobalSection(ExtensibilityGlobals) = postSolution
		SolutionGuid = {37B5B8AC-3FF4-4C2B-9763-19B581A53814}
	EndGlobalSection
EndGlobal
